
Microsoft Visual Studio Solution File, Format Version 12.00
# Visual Studio Version 17
VisualStudioVersion = 17.11.35327.3
MinimumVisualStudioVersion = 10.0.40219.1
Project("{9A19103F-16F7-4668-BE54-9A1E7A4F7556}") = "demowebsite", "demowebsite\demowebsite.csproj", "{C2BE2EFB-7A78-4838-8F92-121D30DA6F84}"
EndProject
Project("{FAE04EC0-301F-11D3-BF4B-00C04F79EFBC}") = "demowebsite.Testing", "demowebsite.Testing\demowebsite.Testing.csproj", "{5806D088-E3BA-4794-9587-E360FA499749}"
EndProject
Global
	GlobalSection(SolutionConfigurationPlatforms) = preSolution
		Debug|Any CPU = Debug|Any CPU
		Release|Any CPU = Release|Any CPU
	EndGlobalSection
	GlobalSection(ProjectConfigurationPlatforms) = postSolution
		{C2BE2EFB-7A78-4838-8F92-121D30DA6F84}.Debug|Any CPU.ActiveCfg = Debug|Any CPU
		{C2BE2EFB-7A78-4838-8F92-121D30DA6F84}.Debug|Any CPU.Build.0 = Debug|Any CPU
		{C2BE2EFB-7A78-4838-8F92-121D30DA6F84}.Release|Any CPU.ActiveCfg = Release|Any CPU
		{C2BE2EFB-7A78-4838-8F92-121D30DA6F84}.Release|Any CPU.Build.0 = Release|Any CPU
		{5806D088-E3BA-4794-9587-E360FA499749}.Debug|Any CPU.ActiveCfg = Debug|Any CPU
		{5806D088-E3BA-4794-9587-E360FA499749}.Debug|Any CPU.Build.0 = Debug|Any CPU
		{5806D088-E3BA-4794-9587-E360FA499749}.Release|Any CPU.ActiveCfg = Release|Any CPU
		{5806D088-E3BA-4794-9587-E360FA499749}.Release|Any CPU.Build.0 = Release|Any CPU
	EndGlobalSection
	GlobalSection(SolutionProperties) = preSolution
		HideSolutionNode = FALSE
	EndGlobalSection
	GlobalSection(ExtensibilityGlobals) = postSolution
		SolutionGuid = {49067303-F4BA-434C-9A24-22F114DF08B1}
	EndGlobalSection
EndGlobal
